// !$*UTF8*$!
{
	archiveVersion = 1;
	classes = {
	};
	objectVersion = 50;
	objects = {

/* Begin PBXBuildFile section */
		39AC398522EF3FB300E814ED /* AppDelegate.swift in Sources */ = {isa = PBXBuildFile; fileRef = 39AC398422EF3FB300E814ED /* AppDelegate.swift */; };
		39AC398722EF3FB300E814ED /* ViewController.swift in Sources */ = {isa = PBXBuildFile; fileRef = 39AC398622EF3FB300E814ED /* ViewController.swift */; };
		39AC398A22EF3FB300E814ED /* Main.storyboard in Resources */ = {isa = PBXBuildFile; fileRef = 39AC398822EF3FB300E814ED /* Main.storyboard */; };
		39AC398C22EF3FB400E814ED /* Assets.xcassets in Resources */ = {isa = PBXBuildFile; fileRef = 39AC398B22EF3FB400E814ED /* Assets.xcassets */; };
		39AC398F22EF3FB400E814ED /* LaunchScreen.storyboard in Resources */ = {isa = PBXBuildFile; fileRef = 39AC398D22EF3FB400E814ED /* LaunchScreen.storyboard */; };
		39AC399A22EF3FB400E814ED /* randomGameTests.swift in Sources */ = {isa = PBXBuildFile; fileRef = 39AC399922EF3FB400E814ED /* randomGameTests.swift */; };
/* End PBXBuildFile section */

/* Begin PBXContainerItemProxy section */
		39AC399622EF3FB400E814ED /* PBXContainerItemProxy */ = {
			isa = PBXContainerItemProxy;
			containerPortal = 39AC397922EF3FB300E814ED /* Project object */;
			proxyType = 1;
			remoteGlobalIDString = 39AC398022EF3FB300E814ED;
			remoteInfo = randomGame;
		};
/* End PBXContainerItemProxy section */

/* Begin PBXFileReference section */
		39AC398122EF3FB300E814ED /* randomGame.app */ = {isa = PBXFileReference; explicitFileType = wrapper.application; includeInIndex = 0; path = randomGame.app; sourceTree = BUILT_PRODUCTS_DIR; };
		39AC398422EF3FB300E814ED /* AppDelegate.swift */ = {isa = PBXFileReference; lastKnownFileType = sourcecode.swift; path = AppDelegate.swift; sourceTree = "<group>"; };
		39AC398622EF3FB300E814ED /* ViewController.swift */ = {isa = PBXFileReference; lastKnownFileType = sourcecode.swift; path = ViewController.swift; sourceTree = "<group>"; };
		39AC398922EF3FB300E814ED /* Base */ = {isa = PBXFileReference; lastKnownFileType = file.storyboard; name = Base; path = Base.lproj/Main.storyboard; sourceTree = "<group>"; };
		39AC398B22EF3FB400E814ED /* Assets.xcassets */ = {isa = PBXFileReference; lastKnownFileType = folder.assetcatalog; path = Assets.xcassets; sourceTree = "<group>"; };
		39AC398E22EF3FB400E814ED /* Base */ = {isa = PBXFileReference; lastKnownFileType = file.storyboard; name = Base; path = Base.lproj/LaunchScreen.storyboard; sourceTree = "<group>"; };
		39AC399022EF3FB400E814ED /* Info.plist */ = {isa = PBXFileReference; lastKnownFileType = text.plist.xml; path = Info.plist; sourceTree = "<group>"; };
		39AC399522EF3FB400E814ED /* randomGameTests.xctest */ = {isa = PBXFileReference; explicitFileType = wrapper.cfbundle; includeInIndex = 0; path = randomGameTests.xctest; sourceTree = BUILT_PRODUCTS_DIR; };
		39AC399922EF3FB400E814ED /* randomGameTests.swift */ = {isa = PBXFileReference; lastKnownFileType = sourcecode.swift; path = randomGameTests.swift; sourceTree = "<group>"; };
		39AC399B22EF3FB400E814ED /* Info.plist */ = {isa = PBXFileReference; lastKnownFileType = text.plist.xml; path = Info.plist; sourceTree = "<group>"; };
/* End PBXFileReference section */

/* Begin PBXFrameworksBuildPhase section */
		39AC397E22EF3FB300E814ED /* Frameworks */ = {
			isa = PBXFrameworksBuildPhase;
			buildActionMask = 2147483647;
			files = (
			);
			runOnlyForDeploymentPostprocessing = 0;
		};
		39AC399222EF3FB400E814ED /* Frameworks */ = {
			isa = PBXFrameworksBuildPhase;
			buildActionMask = 2147483647;
			files = (
			);
			runOnlyForDeploymentPostprocessing = 0;
		};
/* End PBXFrameworksBuildPhase section */

/* Begin PBXGroup section */
		39AC397822EF3FB300E814ED = {
			isa = PBXGroup;
			children = (
				39AC398322EF3FB300E814ED /* randomGame */,
				39AC399822EF3FB400E814ED /* randomGameTests */,
				39AC398222EF3FB300E814ED /* Products */,
			);
			sourceTree = "<group>";
		};
		39AC398222EF3FB300E814ED /* Products */ = {
			isa = PBXGroup;
			children = (
				39AC398122EF3FB300E814ED /* randomGame.app */,
				39AC399522EF3FB400E814ED /* randomGameTests.xctest */,
			);
			name = Products;
			sourceTree = "<group>";
		};
		39AC398322EF3FB300E814ED /* randomGame */ = {
			isa = PBXGroup;
			children = (
				39AC398422EF3FB300E814ED /* AppDelegate.swift */,
				39AC398622EF3FB300E814ED /* ViewController.swift */,
				39AC398822EF3FB300E814ED /* Main.storyboard */,
				39AC398B22EF3FB400E814ED /* Assets.xcassets */,
				39AC398D22EF3FB400E814ED /* LaunchScreen.storyboard */,
				39AC399022EF3FB400E814ED /* Info.plist */,
			);
			path = randomGame;
			sourceTree = "<group>";
		};
		39AC399822EF3FB400E814ED /* randomGameTests */ = {
			isa = PBXGroup;
			children = (
				39AC399922EF3FB400E814ED /* randomGameTests.swift */,
				39AC399B22EF3FB400E814ED /* Info.plist */,
			);
			path = randomGameTests;
			sourceTree = "<group>";
		};
/* End PBXGroup section */

/* Begin PBXNativeTarget section */
		39AC398022EF3FB300E814ED /* randomGame */ = {
			isa = PBXNativeTarget;
			buildConfigurationList = 39AC399E22EF3FB400E814ED /* Build configuration list for PBXNativeTarget "randomGame" */;
			buildPhases = (
				39AC397D22EF3FB300E814ED /* Sources */,
				39AC397E22EF3FB300E814ED /* Frameworks */,
				39AC397F22EF3FB300E814ED /* Resources */,
			);
			buildRules = (
			);
			dependencies = (
			);
			name = randomGame;
			productName = randomGame;
			productReference = 39AC398122EF3FB300E814ED /* randomGame.app */;
			productType = "com.apple.product-type.application";
		};
		39AC399422EF3FB400E814ED /* randomGameTests */ = {
			isa = PBXNativeTarget;
			buildConfigurationList = 39AC39A122EF3FB400E814ED /* Build configuration list for PBXNativeTarget "randomGameTests" */;
			buildPhases = (
				39AC399122EF3FB400E814ED /* Sources */,
				39AC399222EF3FB400E814ED /* Frameworks */,
				39AC399322EF3FB400E814ED /* Resources */,
			);
			buildRules = (
			);
			dependencies = (
				39AC399722EF3FB400E814ED /* PBXTargetDependency */,
			);
			name = randomGameTests;
			productName = randomGameTests;
			productReference = 39AC399522EF3FB400E814ED /* randomGameTests.xctest */;
			productType = "com.apple.product-type.bundle.unit-test";
		};
/* End PBXNativeTarget section */

/* Begin PBXProject section */
		39AC397922EF3FB300E814ED /* Project object */ = {
			isa = PBXProject;
			attributes = {
				LastSwiftUpdateCheck = 1010;
				LastUpgradeCheck = 1010;
				ORGANIZATIONNAME = SubinKang;
				TargetAttributes = {
					39AC398022EF3FB300E814ED = {
						CreatedOnToolsVersion = 10.1;
					};
					39AC399422EF3FB400E814ED = {
						CreatedOnToolsVersion = 10.1;
						TestTargetID = 39AC398022EF3FB300E814ED;
					};
				};
			};
			buildConfigurationList = 39AC397C22EF3FB300E814ED /* Build configuration list for PBXProject "randomGame" */;
			compatibilityVersion = "Xcode 9.3";
			developmentRegion = en;
			hasScannedForEncodings = 0;
			knownRegions = (
				en,
				Base,
			);
			mainGroup = 39AC397822EF3FB300E814ED;
			productRefGroup = 39AC398222EF3FB300E814ED /* Products */;
			projectDirPath = "";
			projectRoot = "";
			targets = (
				39AC398022EF3FB300E814ED /* randomGame */,
				39AC399422EF3FB400E814ED /* randomGameTests */,
			);
		};
/* End PBXProject section */

/* Begin PBXResourcesBuildPhase section */
		39AC397F22EF3FB300E814ED /* Resources */ = {
			isa = PBXResourcesBuildPhase;
			buildActionMask = 2147483647;
			files = (
				39AC398F22EF3FB400E814ED /* LaunchScreen.storyboard in Resources */,
				39AC398C22EF3FB400E814ED /* Assets.xcassets in Resources */,
				39AC398A22EF3FB300E814ED /* Main.storyboard in Resources */,
			);
			runOnlyForDeploymentPostprocessing = 0;
		};
		39AC399322EF3FB400E814ED /* Resources */ = {
			isa = PBXResourcesBuildPhase;
			buildActionMask = 2147483647;
			files = (
			);
			runOnlyForDeploymentPostprocessing = 0;
		};
/* End PBXResourcesBuildPhase section */

/* Begin PBXSourcesBuildPhase section */
		39AC397D22EF3FB300E814ED /* Sources */ = {
			isa = PBXSourcesBuildPhase;
			buildActionMask = 2147483647;
			files = (
				39AC398722EF3FB300E814ED /* ViewController.swift in Sources */,
				39AC398522EF3FB300E814ED /* AppDelegate.swift in Sources */,
			);
			runOnlyForDeploymentPostprocessing = 0;
		};
		39AC399122EF3FB400E814ED /* Sources */ = {
			isa = PBXSourcesBuildPhase;
			buildActionMask = 2147483647;
			files = (
				39AC399A22EF3FB400E814ED /* randomGameTests.swift in Sources */,
			);
			runOnlyForDeploymentPostprocessing = 0;
		};
/* End PBXSourcesBuildPhase section */

/* Begin PBXTargetDependency section */
		39AC399722EF3FB400E814ED /* PBXTargetDependency */ = {
			isa = PBXTargetDependency;
			target = 39AC398022EF3FB300E814ED /* randomGame */;
			targetProxy = 39AC399622EF3FB400E814ED /* PBXContainerItemProxy */;
		};
/* End PBXTargetDependency section */

/* Begin PBXVariantGroup section */
		39AC398822EF3FB300E814ED /* Main.storyboard */ = {
			isa = PBXVariantGroup;
			children = (
				39AC398922EF3FB300E814ED /* Base */,
			);
			name = Main.storyboard;
			sourceTree = "<group>";
		};
		39AC398D22EF3FB400E814ED /* LaunchScreen.storyboard */ = {
			isa = PBXVariantGroup;
			children = (
				39AC398E22EF3FB400E814ED /* Base */,
			);
			name = LaunchScreen.storyboard;
			sourceTree = "<group>";
		};
/* End PBXVariantGroup section */

/* Begin XCBuildConfiguration section */
		39AC399C22EF3FB400E814ED /* Debug */ = {
			isa = XCBuildConfiguration;
			buildSettings = {
				ALWAYS_SEARCH_USER_PATHS = NO;
				CLANG_ANALYZER_NONNULL = YES;
				CLANG_ANALYZER_NUMBER_OBJECT_CONVERSION = YES_AGGRESSIVE;
				CLANG_CXX_LANGUAGE_STANDARD = "gnu++14";
				CLANG_CXX_LIBRARY = "libc++";
				CLANG_ENABLE_MODULES = YES;
				CLANG_ENABLE_OBJC_ARC = YES;
				CLANG_ENABLE_OBJC_WEAK = YES;
				CLANG_WARN_BLOCK_CAPTURE_AUTORELEASING = YES;
				CLANG_WARN_BOOL_CONVERSION = YES;
				CLANG_WARN_COMMA = YES;
				CLANG_WARN_CONSTANT_CONVERSION = YES;
				CLANG_WARN_DEPRECATED_OBJC_IMPLEMENTATIONS = YES;
				CLANG_WARN_DIRECT_OBJC_ISA_USAGE = YES_ERROR;
				CLANG_WARN_DOCUMENTATION_COMMENTS = YES;
				CLANG_WARN_EMPTY_BODY = YES;
				CLANG_WARN_ENUM_CONVERSION = YES;
				CLANG_WARN_INFINITE_RECURSION = YES;
				CLANG_WARN_INT_CONVERSION = YES;
				CLANG_WARN_NON_LITERAL_NULL_CONVERSION = YES;
				CLANG_WARN_OBJC_IMPLICIT_RETAIN_SELF = YES;
				CLANG_WARN_OBJC_LITERAL_CONVERSION = YES;
				CLANG_WARN_OBJC_ROOT_CLASS = YES_ERROR;
				CLANG_WARN_RANGE_LOOP_ANALYSIS = YES;
				CLANG_WARN_STRICT_PROTOTYPES = YES;
				CLANG_WARN_SUSPICIOUS_MOVE = YES;
				CLANG_WARN_UNGUARDED_AVAILABILITY = YES_AGGRESSIVE;
				CLANG_WARN_UNREACHABLE_CODE = YES;
				CLANG_WARN__DUPLICATE_METHOD_MATCH = YES;
				CODE_SIGN_IDENTITY = "iPhone Developer";
				COPY_PHASE_STRIP = NO;
				DEBUG_INFORMATION_FORMAT = dwarf;
				ENABLE_STRICT_OBJC_MSGSEND = YES;
				ENABLE_TESTABILITY = YES;
				GCC_C_LANGUAGE_STANDARD = gnu11;
				GCC_DYNAMIC_NO_PIC = NO;
				GCC_NO_COMMON_BLOCKS = YES;
				GCC_OPTIMIZATION_LEVEL = 0;
				GCC_PREPROCESSOR_DEFINITIONS = (
					"DEBUG=1",
					"$(inherited)",
				);
				GCC_WARN_64_TO_32_BIT_CONVERSION = YES;
				GCC_WARN_ABOUT_RETURN_TYPE = YES_ERROR;
				GCC_WARN_UNDECLARED_SELECTOR = YES;
				GCC_WARN_UNINITIALIZED_AUTOS = YES_AGGRESSIVE;
				GCC_WARN_UNUSED_FUNCTION = YES;
				GCC_WARN_UNUSED_VARIABLE = YES;
				IPHONEOS_DEPLOYMENT_TARGET = 12.1;
				MTL_ENABLE_DEBUG_INFO = INCLUDE_SOURCE;
				MTL_FAST_MATH = YES;
				ONLY_ACTIVE_ARCH = YES;
				SDKROOT = iphoneos;
				SWIFT_ACTIVE_COMPILATION_CONDITIONS = DEBUG;
				SWIFT_OPTIMIZATION_LEVEL = "-Onone";
			};
			name = Debug;
		};
		39AC399D22EF3FB400E814ED /* Release */ = {
			isa = XCBuildConfiguration;
			buildSettings = {
				ALWAYS_SEARCH_USER_PATHS = NO;
				CLANG_ANALYZER_NONNULL = YES;
				CLANG_ANALYZER_NUMBER_OBJECT_CONVERSION = YES_AGGRESSIVE;
				CLANG_CXX_LANGUAGE_STANDARD = "gnu++14";
				CLANG_CXX_LIBRARY = "libc++";
				CLANG_ENABLE_MODULES = YES;
				CLANG_ENABLE_OBJC_ARC = YES;
				CLANG_ENABLE_OBJC_WEAK = YES;
				CLANG_WARN_BLOCK_CAPTURE_AUTORELEASING = YES;
				CLANG_WARN_BOOL_CONVERSION = YES;
				CLANG_WARN_COMMA = YES;
				CLANG_WARN_CONSTANT_CONVERSION = YES;
				CLANG_WARN_DEPRECATED_OBJC_IMPLEMENTATIONS = YES;
				CLANG_WARN_DIRECT_OBJC_ISA_USAGE = YES_ERROR;
				CLANG_WARN_DOCUMENTATION_COMMENTS = YES;
				CLANG_WARN_EMPTY_BODY = YES;
				CLANG_WARN_ENUM_CONVERSION = YES;
				CLANG_WARN_INFINITE_RECURSION = YES;
				CLANG_WARN_INT_CONVERSION = YES;
				CLANG_WARN_NON_LITERAL_NULL_CONVERSION = YES;
				CLANG_WARN_OBJC_IMPLICIT_RETAIN_SELF = YES;
				CLANG_WARN_OBJC_LITERAL_CONVERSION = YES;
				CLANG_WARN_OBJC_ROOT_CLASS = YES_ERROR;
				CLANG_WARN_RANGE_LOOP_ANALYSIS = YES;
				CLANG_WARN_STRICT_PROTOTYPES = YES;
				CLANG_WARN_SUSPICIOUS_MOVE = YES;
				CLANG_WARN_UNGUARDED_AVAILABILITY = YES_AGGRESSIVE;
				CLANG_WARN_UNREACHABLE_CODE = YES;
				CLANG_WARN__DUPLICATE_METHOD_MATCH = YES;
				CODE_SIGN_IDENTITY = "iPhone Developer";
				COPY_PHASE_STRIP = NO;
				DEBUG_INFORMATION_FORMAT = "dwarf-with-dsym";
				ENABLE_NS_ASSERTIONS = NO;
				ENABLE_STRICT_OBJC_MSGSEND = YES;
				GCC_C_LANGUAGE_STANDARD = gnu11;
				GCC_NO_COMMON_BLOCKS = YES;
				GCC_WARN_64_TO_32_BIT_CONVERSION = YES;
				GCC_WARN_ABOUT_RETURN_TYPE = YES_ERROR;
				GCC_WARN_UNDECLARED_SELECTOR = YES;
				GCC_WARN_UNINITIALIZED_AUTOS = YES_AGGRESSIVE;
				GCC_WARN_UNUSED_FUNCTION = YES;
				GCC_WARN_UNUSED_VARIABLE = YES;
				IPHONEOS_DEPLOYMENT_TARGET = 12.1;
				MTL_ENABLE_DEBUG_INFO = NO;
				MTL_FAST_MATH = YES;
				SDKROOT = iphoneos;
				SWIFT_COMPILATION_MODE = wholemodule;
				SWIFT_OPTIMIZATION_LEVEL = "-O";
				VALIDATE_PRODUCT = YES;
			};
			name = Release;
		};
		39AC399F22EF3FB400E814ED /* Debug */ = {
			isa = XCBuildConfiguration;
			buildSettings = {
				ASSETCATALOG_COMPILER_APPICON_NAME = AppIcon;
				CODE_SIGN_STYLE = Automatic;
				INFOPLIST_FILE = randomGame/Info.plist;
				LD_RUNPATH_SEARCH_PATHS = (
					"$(inherited)",
					"@executable_path/Frameworks",
				);
				PRODUCT_BUNDLE_IDENTIFIER = com.example.randomGame;
				PRODUCT_NAME = "$(TARGET_NAME)";
				SWIFT_VERSION = 4.2;
				TARGETED_DEVICE_FAMILY = "1,2";
			};
			name = Debug;
		};
		39AC39A022EF3FB400E814ED /* Release */ = {
			isa = XCBuildConfiguration;
			buildSettings = {
				ASSETCATALOG_COMPILER_APPICON_NAME = AppIcon;
				CODE_SIGN_STYLE = Automatic;
				INFOPLIST_FILE = randomGame/Info.plist;
				LD_RUNPATH_SEARCH_PATHS = (
					"$(inherited)",
					"@executable_path/Frameworks",
				);
				PRODUCT_BUNDLE_IDENTIFIER = com.example.randomGame;
				PRODUCT_NAME = "$(TARGET_NAME)";
				SWIFT_VERSION = 4.2;
				TARGETED_DEVICE_FAMILY = "1,2";
			};
			name = Release;
		};
		39AC39A222EF3FB400E814ED /* Debug */ = {
			isa = XCBuildConfiguration;
			buildSettings = {
				ALWAYS_EMBED_SWIFT_STANDARD_LIBRARIES = YES;
				BUNDLE_LOADER = "$(TEST_HOST)";
				CODE_SIGN_STYLE = Automatic;
				INFOPLIST_FILE = randomGameTests/Info.plist;
				LD_RUNPATH_SEARCH_PATHS = (
					"$(inherited)",
					"@executable_path/Frameworks",
					"@loader_path/Frameworks",
				);
				PRODUCT_BUNDLE_IDENTIFIER = com.example.randomGameTests;
				PRODUCT_NAME = "$(TARGET_NAME)";
				SWIFT_VERSION = 4.2;
				TARGETED_DEVICE_FAMILY = "1,2";
				TEST_HOST = "$(BUILT_PRODUCTS_DIR)/randomGame.app/randomGame";
			};
			name = Debug;
		};
		39AC39A322EF3FB400E814ED /* Release */ = {
			isa = XCBuildConfiguration;
			buildSettings = {
				ALWAYS_EMBED_SWIFT_STANDARD_LIBRARIES = YES;
				BUNDLE_LOADER = "$(TEST_HOST)";
				CODE_SIGN_STYLE = Automatic;
				INFOPLIST_FILE = randomGameTests/Info.plist;
				LD_RUNPATH_SEARCH_PATHS = (
					"$(inherited)",
					"@executable_path/Frameworks",
					"@loader_path/Frameworks",
				);
				PRODUCT_BUNDLE_IDENTIFIER = com.example.randomGameTests;
				PRODUCT_NAME = "$(TARGET_NAME)";
				SWIFT_VERSION = 4.2;
				TARGETED_DEVICE_FAMILY = "1,2";
				TEST_HOST = "$(BUILT_PRODUCTS_DIR)/randomGame.app/randomGame";
			};
			name = Release;
		};
/* End XCBuildConfiguration section */

/* Begin XCConfigurationList section */
		39AC397C22EF3FB300E814ED /* Build configuration list for PBXProject "randomGame" */ = {
			isa = XCConfigurationList;
			buildConfigurations = (
				39AC399C22EF3FB400E814ED /* Debug */,
				39AC399D22EF3FB400E814ED /* Release */,
			);
			defaultConfigurationIsVisible = 0;
			defaultConfigurationName = Release;
		};
		39AC399E22EF3FB400E814ED /* Build configuration list for PBXNativeTarget "randomGame" */ = {
			isa = XCConfigurationList;
			buildConfigurations = (
				39AC399F22EF3FB400E814ED /* Debug */,
				39AC39A022EF3FB400E814ED /* Release */,
			);
			defaultConfigurationIsVisible = 0;
			defaultConfigurationName = Release;
		};
		39AC39A122EF3FB400E814ED /* Build configuration list for PBXNativeTarget "randomGameTests" */ = {
			isa = XCConfigurationList;
			buildConfigurations = (
				39AC39A222EF3FB400E814ED /* Debug */,
				39AC39A322EF3FB400E814ED /* Release */,
			);
			defaultConfigurationIsVisible = 0;
			defaultConfigurationName = Release;
		};
/* End XCConfigurationList section */
	};
	rootObject = 39AC397922EF3FB300E814ED /* Project object */;
}
